// !$*UTF8*$!
{
	archiveVersion = 1;
	classes = {
	};
	objectVersion = 46;
	objects = {

/* Begin PBXBuildFile section */
		150B8DA31CE4C2AD00BC4DA4 /* main.m in Sources */ = {isa = PBXBuildFile; fileRef = 150B8DA21CE4C2AD00BC4DA4 /* main.m */; };
		150B8DA61CE4C2AD00BC4DA4 /* AppDelegate.m in Sources */ = {isa = PBXBuildFile; fileRef = 150B8DA51CE4C2AD00BC4DA4 /* AppDelegate.m */; };
		150B8DA91CE4C2AD00BC4DA4 /* ViewController.m in Sources */ = {isa = PBXBuildFile; fileRef = 150B8DA81CE4C2AD00BC4DA4 /* ViewController.m */; };
		150B8DAC1CE4C2AD00BC4DA4 /* Main.storyboard in Resources */ = {isa = PBXBuildFile; fileRef = 150B8DAA1CE4C2AD00BC4DA4 /* Main.storyboard */; };
		150B8DAE1CE4C2AD00BC4DA4 /* Assets.xcassets in Resources */ = {isa = PBXBuildFile; fileRef = 150B8DAD1CE4C2AD00BC4DA4 /* Assets.xcassets */; };
		150B8DB11CE4C2AD00BC4DA4 /* LaunchScreen.storyboard in Resources */ = {isa = PBXBuildFile; fileRef = 150B8DAF1CE4C2AD00BC4DA4 /* LaunchScreen.storyboard */; };
		150B8DBC1CE4C2AD00BC4DA4 /* AirAppStaffTests.m in Sources */ = {isa = PBXBuildFile; fileRef = 150B8DBB1CE4C2AD00BC4DA4 /* AirAppStaffTests.m */; };
		150B8DC71CE4C2AD00BC4DA4 /* AirAppStaffUITests.m in Sources */ = {isa = PBXBuildFile; fileRef = 150B8DC61CE4C2AD00BC4DA4 /* AirAppStaffUITests.m */; };
		150B8DD61CE4C32700BC4DA4 /* HomeViewController.m in Sources */ = {isa = PBXBuildFile; fileRef = 150B8DD51CE4C32700BC4DA4 /* HomeViewController.m */; };
		1524B6D31CE671630062485E /* DetailViewController.m in Sources */ = {isa = PBXBuildFile; fileRef = 1524B6D21CE671630062485E /* DetailViewController.m */; };
		1524B6D61CE672BD0062485E /* HomeTableViewCell.m in Sources */ = {isa = PBXBuildFile; fileRef = 1524B6D51CE672BD0062485E /* HomeTableViewCell.m */; };
		152F04C21CF709C50013BF74 /* AppState.m in Sources */ = {isa = PBXBuildFile; fileRef = 152F04C11CF709C50013BF74 /* AppState.m */; };
		152F04C51CF70ADF0013BF74 /* Constants.m in Sources */ = {isa = PBXBuildFile; fileRef = 152F04C41CF70ADF0013BF74 /* Constants.m */; };
		152F04C81CF713EA0013BF74 /* MeasurementHelper.m in Sources */ = {isa = PBXBuildFile; fileRef = 152F04C71CF713EA0013BF74 /* MeasurementHelper.m */; };
		1543021E1CEB9F0600A1268B /* LoginAuthViewController.m in Sources */ = {isa = PBXBuildFile; fileRef = 1543021D1CEB9F0600A1268B /* LoginAuthViewController.m */; };
		154335D41CECFEA40002EDDA /* GoogleService-Info.plist in Resources */ = {isa = PBXBuildFile; fileRef = 154335D31CECFEA40002EDDA /* GoogleService-Info.plist */; };
		1545D1331CFC350300DB68D6 /* UsersProfileViewController.m in Sources */ = {isa = PBXBuildFile; fileRef = 1545D1321CFC350300DB68D6 /* UsersProfileViewController.m */; };
		155D6D451D0622CE004408DD /* User.m in Sources */ = {isa = PBXBuildFile; fileRef = 155D6D441D0622CE004408DD /* User.m */; };
		155D6D481D063BC7004408DD /* Post.m in Sources */ = {isa = PBXBuildFile; fileRef = 155D6D471D063BC7004408DD /* Post.m */; };
		155D6D4B1D063CE7004408DD /* PostTableViewCell.m in Sources */ = {isa = PBXBuildFile; fileRef = 155D6D4A1D063CE7004408DD /* PostTableViewCell.m */; };
		15A7FDB31CFC4ACF00C9AF78 /* EditUserViewController.m in Sources */ = {isa = PBXBuildFile; fileRef = 15A7FDB21CFC4ACF00C9AF78 /* EditUserViewController.m */; };
		15A7FDB91CFC5F6D00C9AF78 /* EditUserTableViewController.m in Sources */ = {isa = PBXBuildFile; fileRef = 15A7FDB81CFC5F6D00C9AF78 /* EditUserTableViewController.m */; };
		15AF1FCC1D0A528B001F89B6 /* FirebaseDataSource.m in Sources */ = {isa = PBXBuildFile; fileRef = 15AF1FCB1D0A528B001F89B6 /* FirebaseDataSource.m */; };
		15AFB04D1CF86B560085F793 /* DetailTableViewCell.m in Sources */ = {isa = PBXBuildFile; fileRef = 15AFB04C1CF86B560085F793 /* DetailTableViewCell.m */; };
		15DF7D221D0E22CA00143439 /* TimeTableDataSource.m in Sources */ = {isa = PBXBuildFile; fileRef = 15DF7D211D0E22CA00143439 /* TimeTableDataSource.m */; };
		15DF7D251D0E235400143439 /* TimeTableViewController.m in Sources */ = {isa = PBXBuildFile; fileRef = 15DF7D241D0E235400143439 /* TimeTableViewController.m */; };
		15DF7D281D0E260700143439 /* TimeTableViewCell.m in Sources */ = {isa = PBXBuildFile; fileRef = 15DF7D271D0E260700143439 /* TimeTableViewCell.m */; };
		475CF3BCEAF952D5ACBB4C55 /* libPods.a in Frameworks */ = {isa = PBXBuildFile; fileRef = AE483CFBE1B7551E7D3DFAAF /* libPods.a */; };
/* End PBXBuildFile section */

/* Begin PBXContainerItemProxy section */
		150B8DB81CE4C2AD00BC4DA4 /* PBXContainerItemProxy */ = {
			isa = PBXContainerItemProxy;
			containerPortal = 150B8D961CE4C2AD00BC4DA4 /* Project object */;
			proxyType = 1;
			remoteGlobalIDString = 150B8D9D1CE4C2AD00BC4DA4;
			remoteInfo = AirAppStaff;
		};
		150B8DC31CE4C2AD00BC4DA4 /* PBXContainerItemProxy */ = {
			isa = PBXContainerItemProxy;
			containerPortal = 150B8D961CE4C2AD00BC4DA4 /* Project object */;
			proxyType = 1;
			remoteGlobalIDString = 150B8D9D1CE4C2AD00BC4DA4;
			remoteInfo = AirAppStaff;
		};
/* End PBXContainerItemProxy section */

/* Begin PBXFileReference section */
		150B8D9E1CE4C2AD00BC4DA4 /* AirAppStaff.app */ = {isa = PBXFileReference; explicitFileType = wrapper.application; includeInIndex = 0; path = AirAppStaff.app; sourceTree = BUILT_PRODUCTS_DIR; };
		150B8DA21CE4C2AD00BC4DA4 /* main.m */ = {isa = PBXFileReference; lastKnownFileType = sourcecode.c.objc; path = main.m; sourceTree = "<group>"; };
		150B8DA41CE4C2AD00BC4DA4 /* AppDelegate.h */ = {isa = PBXFileReference; lastKnownFileType = sourcecode.c.h; path = AppDelegate.h; sourceTree = "<group>"; };
		150B8DA51CE4C2AD00BC4DA4 /* AppDelegate.m */ = {isa = PBXFileReference; lastKnownFileType = sourcecode.c.objc; path = AppDelegate.m; sourceTree = "<group>"; };
		150B8DA71CE4C2AD00BC4DA4 /* ViewController.h */ = {isa = PBXFileReference; lastKnownFileType = sourcecode.c.h; path = ViewController.h; sourceTree = "<group>"; };
		150B8DA81CE4C2AD00BC4DA4 /* ViewController.m */ = {isa = PBXFileReference; lastKnownFileType = sourcecode.c.objc; path = ViewController.m; sourceTree = "<group>"; };
		150B8DAB1CE4C2AD00BC4DA4 /* Base */ = {isa = PBXFileReference; lastKnownFileType = file.storyboard; name = Base; path = Base.lproj/Main.storyboard; sourceTree = "<group>"; };
		150B8DAD1CE4C2AD00BC4DA4 /* Assets.xcassets */ = {isa = PBXFileReference; lastKnownFileType = folder.assetcatalog; path = Assets.xcassets; sourceTree = "<group>"; };
		150B8DB01CE4C2AD00BC4DA4 /* Base */ = {isa = PBXFileReference; lastKnownFileType = file.storyboard; name = Base; path = Base.lproj/LaunchScreen.storyboard; sourceTree = "<group>"; };
		150B8DB21CE4C2AD00BC4DA4 /* Info.plist */ = {isa = PBXFileReference; lastKnownFileType = text.plist.xml; path = Info.plist; sourceTree = "<group>"; };
		150B8DB71CE4C2AD00BC4DA4 /* AirAppStaffTests.xctest */ = {isa = PBXFileReference; explicitFileType = wrapper.cfbundle; includeInIndex = 0; path = AirAppStaffTests.xctest; sourceTree = BUILT_PRODUCTS_DIR; };
		150B8DBB1CE4C2AD00BC4DA4 /* AirAppStaffTests.m */ = {isa = PBXFileReference; lastKnownFileType = sourcecode.c.objc; path = AirAppStaffTests.m; sourceTree = "<group>"; };
		150B8DBD1CE4C2AD00BC4DA4 /* Info.plist */ = {isa = PBXFileReference; lastKnownFileType = text.plist.xml; path = Info.plist; sourceTree = "<group>"; };
		150B8DC21CE4C2AD00BC4DA4 /* AirAppStaffUITests.xctest */ = {isa = PBXFileReference; explicitFileType = wrapper.cfbundle; includeInIndex = 0; path = AirAppStaffUITests.xctest; sourceTree = BUILT_PRODUCTS_DIR; };
		150B8DC61CE4C2AD00BC4DA4 /* AirAppStaffUITests.m */ = {isa = PBXFileReference; lastKnownFileType = sourcecode.c.objc; path = AirAppStaffUITests.m; sourceTree = "<group>"; };
		150B8DC81CE4C2AD00BC4DA4 /* Info.plist */ = {isa = PBXFileReference; lastKnownFileType = text.plist.xml; path = Info.plist; sourceTree = "<group>"; };
		150B8DD41CE4C32700BC4DA4 /* HomeViewController.h */ = {isa = PBXFileReference; fileEncoding = 4; lastKnownFileType = sourcecode.c.h; path = HomeViewController.h; sourceTree = "<group>"; };
		150B8DD51CE4C32700BC4DA4 /* HomeViewController.m */ = {isa = PBXFileReference; fileEncoding = 4; lastKnownFileType = sourcecode.c.objc; path = HomeViewController.m; sourceTree = "<group>"; };
		1524B6D11CE671630062485E /* DetailViewController.h */ = {isa = PBXFileReference; fileEncoding = 4; lastKnownFileType = sourcecode.c.h; path = DetailViewController.h; sourceTree = "<group>"; };
		1524B6D21CE671630062485E /* DetailViewController.m */ = {isa = PBXFileReference; fileEncoding = 4; lastKnownFileType = sourcecode.c.objc; path = DetailViewController.m; sourceTree = "<group>"; };
		1524B6D41CE672BD0062485E /* HomeTableViewCell.h */ = {isa = PBXFileReference; fileEncoding = 4; lastKnownFileType = sourcecode.c.h; path = HomeTableViewCell.h; sourceTree = "<group>"; };
		1524B6D51CE672BD0062485E /* HomeTableViewCell.m */ = {isa = PBXFileReference; fileEncoding = 4; lastKnownFileType = sourcecode.c.objc; path = HomeTableViewCell.m; sourceTree = "<group>"; };
		152F04C01CF709C50013BF74 /* AppState.h */ = {isa = PBXFileReference; fileEncoding = 4; lastKnownFileType = sourcecode.c.h; path = AppState.h; sourceTree = "<group>"; };
		152F04C11CF709C50013BF74 /* AppState.m */ = {isa = PBXFileReference; fileEncoding = 4; lastKnownFileType = sourcecode.c.objc; path = AppState.m; sourceTree = "<group>"; };
		152F04C31CF70ADF0013BF74 /* Constants.h */ = {isa = PBXFileReference; fileEncoding = 4; lastKnownFileType = sourcecode.c.h; path = Constants.h; sourceTree = "<group>"; };
		152F04C41CF70ADF0013BF74 /* Constants.m */ = {isa = PBXFileReference; fileEncoding = 4; lastKnownFileType = sourcecode.c.objc; path = Constants.m; sourceTree = "<group>"; };
		152F04C61CF713EA0013BF74 /* MeasurementHelper.h */ = {isa = PBXFileReference; fileEncoding = 4; lastKnownFileType = sourcecode.c.h; path = MeasurementHelper.h; sourceTree = "<group>"; };
		152F04C71CF713EA0013BF74 /* MeasurementHelper.m */ = {isa = PBXFileReference; fileEncoding = 4; lastKnownFileType = sourcecode.c.objc; path = MeasurementHelper.m; sourceTree = "<group>"; };
		1543021C1CEB9F0600A1268B /* LoginAuthViewController.h */ = {isa = PBXFileReference; fileEncoding = 4; lastKnownFileType = sourcecode.c.h; path = LoginAuthViewController.h; sourceTree = "<group>"; };
		1543021D1CEB9F0600A1268B /* LoginAuthViewController.m */ = {isa = PBXFileReference; fileEncoding = 4; lastKnownFileType = sourcecode.c.objc; path = LoginAuthViewController.m; sourceTree = "<group>"; };
		154335D31CECFEA40002EDDA /* GoogleService-Info.plist */ = {isa = PBXFileReference; fileEncoding = 4; lastKnownFileType = text.plist.xml; path = "GoogleService-Info.plist"; sourceTree = "<group>"; };
		1545D1311CFC350300DB68D6 /* UsersProfileViewController.h */ = {isa = PBXFileReference; fileEncoding = 4; lastKnownFileType = sourcecode.c.h; path = UsersProfileViewController.h; sourceTree = "<group>"; };
		1545D1321CFC350300DB68D6 /* UsersProfileViewController.m */ = {isa = PBXFileReference; fileEncoding = 4; lastKnownFileType = sourcecode.c.objc; path = UsersProfileViewController.m; sourceTree = "<group>"; };
		155D6D431D0622CE004408DD /* User.h */ = {isa = PBXFileReference; fileEncoding = 4; lastKnownFileType = sourcecode.c.h; path = User.h; sourceTree = "<group>"; };
		155D6D441D0622CE004408DD /* User.m */ = {isa = PBXFileReference; fileEncoding = 4; lastKnownFileType = sourcecode.c.objc; path = User.m; sourceTree = "<group>"; };
		155D6D461D063BC7004408DD /* Post.h */ = {isa = PBXFileReference; fileEncoding = 4; lastKnownFileType = sourcecode.c.h; path = Post.h; sourceTree = "<group>"; };
		155D6D471D063BC7004408DD /* Post.m */ = {isa = PBXFileReference; fileEncoding = 4; lastKnownFileType = sourcecode.c.objc; path = Post.m; sourceTree = "<group>"; };
		155D6D491D063CE7004408DD /* PostTableViewCell.h */ = {isa = PBXFileReference; fileEncoding = 4; lastKnownFileType = sourcecode.c.h; path = PostTableViewCell.h; sourceTree = "<group>"; };
		155D6D4A1D063CE7004408DD /* PostTableViewCell.m */ = {isa = PBXFileReference; fileEncoding = 4; lastKnownFileType = sourcecode.c.objc; path = PostTableViewCell.m; sourceTree = "<group>"; };
		15A7FDB11CFC4ACF00C9AF78 /* EditUserViewController.h */ = {isa = PBXFileReference; fileEncoding = 4; lastKnownFileType = sourcecode.c.h; path = EditUserViewController.h; sourceTree = "<group>"; };
		15A7FDB21CFC4ACF00C9AF78 /* EditUserViewController.m */ = {isa = PBXFileReference; fileEncoding = 4; lastKnownFileType = sourcecode.c.objc; path = EditUserViewController.m; sourceTree = "<group>"; };
		15A7FDB71CFC5F6D00C9AF78 /* EditUserTableViewController.h */ = {isa = PBXFileReference; fileEncoding = 4; lastKnownFileType = sourcecode.c.h; path = EditUserTableViewController.h; sourceTree = "<group>"; };
		15A7FDB81CFC5F6D00C9AF78 /* EditUserTableViewController.m */ = {isa = PBXFileReference; fileEncoding = 4; lastKnownFileType = sourcecode.c.objc; path = EditUserTableViewController.m; sourceTree = "<group>"; };
		15AF1FCA1D0A528B001F89B6 /* FirebaseDataSource.h */ = {isa = PBXFileReference; fileEncoding = 4; lastKnownFileType = sourcecode.c.h; path = FirebaseDataSource.h; sourceTree = "<group>"; };
		15AF1FCB1D0A528B001F89B6 /* FirebaseDataSource.m */ = {isa = PBXFileReference; fileEncoding = 4; lastKnownFileType = sourcecode.c.objc; path = FirebaseDataSource.m; sourceTree = "<group>"; };
		15AFB04B1CF86B560085F793 /* DetailTableViewCell.h */ = {isa = PBXFileReference; fileEncoding = 4; lastKnownFileType = sourcecode.c.h; path = DetailTableViewCell.h; sourceTree = "<group>"; };
		15AFB04C1CF86B560085F793 /* DetailTableViewCell.m */ = {isa = PBXFileReference; fileEncoding = 4; lastKnownFileType = sourcecode.c.objc; path = DetailTableViewCell.m; sourceTree = "<group>"; };
		15DF7D201D0E22CA00143439 /* TimeTableDataSource.h */ = {isa = PBXFileReference; fileEncoding = 4; lastKnownFileType = sourcecode.c.h; path = TimeTableDataSource.h; sourceTree = "<group>"; };
		15DF7D211D0E22CA00143439 /* TimeTableDataSource.m */ = {isa = PBXFileReference; fileEncoding = 4; lastKnownFileType = sourcecode.c.objc; path = TimeTableDataSource.m; sourceTree = "<group>"; };
		15DF7D231D0E235400143439 /* TimeTableViewController.h */ = {isa = PBXFileReference; fileEncoding = 4; lastKnownFileType = sourcecode.c.h; path = TimeTableViewController.h; sourceTree = "<group>"; };
		15DF7D241D0E235400143439 /* TimeTableViewController.m */ = {isa = PBXFileReference; fileEncoding = 4; lastKnownFileType = sourcecode.c.objc; path = TimeTableViewController.m; sourceTree = "<group>"; };
		15DF7D261D0E260700143439 /* TimeTableViewCell.h */ = {isa = PBXFileReference; fileEncoding = 4; lastKnownFileType = sourcecode.c.h; path = TimeTableViewCell.h; sourceTree = "<group>"; };
		15DF7D271D0E260700143439 /* TimeTableViewCell.m */ = {isa = PBXFileReference; fileEncoding = 4; lastKnownFileType = sourcecode.c.objc; path = TimeTableViewCell.m; sourceTree = "<group>"; };
		5AA256DF415F5B764F076623 /* Pods.debug.xcconfig */ = {isa = PBXFileReference; includeInIndex = 1; lastKnownFileType = text.xcconfig; name = Pods.debug.xcconfig; path = "Pods/Target Support Files/Pods/Pods.debug.xcconfig"; sourceTree = "<group>"; };
		AE483CFBE1B7551E7D3DFAAF /* libPods.a */ = {isa = PBXFileReference; explicitFileType = archive.ar; includeInIndex = 0; path = libPods.a; sourceTree = BUILT_PRODUCTS_DIR; };
		E6520AB2E28A0774D6A1871B /* Pods.release.xcconfig */ = {isa = PBXFileReference; includeInIndex = 1; lastKnownFileType = text.xcconfig; name = Pods.release.xcconfig; path = "Pods/Target Support Files/Pods/Pods.release.xcconfig"; sourceTree = "<group>"; };
/* End PBXFileReference section */

/* Begin PBXFrameworksBuildPhase section */
		150B8D9B1CE4C2AD00BC4DA4 /* Frameworks */ = {
			isa = PBXFrameworksBuildPhase;
			buildActionMask = 2147483647;
			files = (
				475CF3BCEAF952D5ACBB4C55 /* libPods.a in Frameworks */,
			);
			runOnlyForDeploymentPostprocessing = 0;
		};
		150B8DB41CE4C2AD00BC4DA4 /* Frameworks */ = {
			isa = PBXFrameworksBuildPhase;
			buildActionMask = 2147483647;
			files = (
			);
			runOnlyForDeploymentPostprocessing = 0;
		};
		150B8DBF1CE4C2AD00BC4DA4 /* Frameworks */ = {
			isa = PBXFrameworksBuildPhase;
			buildActionMask = 2147483647;
			files = (
			);
			runOnlyForDeploymentPostprocessing = 0;
		};
/* End PBXFrameworksBuildPhase section */

/* Begin PBXGroup section */
		150B8D951CE4C2AD00BC4DA4 = {
			isa = PBXGroup;
			children = (
				150B8DA01CE4C2AD00BC4DA4 /* AirAppStaff */,
				150B8DBA1CE4C2AD00BC4DA4 /* AirAppStaffTests */,
				150B8DC51CE4C2AD00BC4DA4 /* AirAppStaffUITests */,
				150B8D9F1CE4C2AD00BC4DA4 /* Products */,
				3C8EE9C211304522E4CB7294 /* Pods */,
				4C6FA1469F34D8B70AF52242 /* Frameworks */,
			);
			sourceTree = "<group>";
		};
		150B8D9F1CE4C2AD00BC4DA4 /* Products */ = {
			isa = PBXGroup;
			children = (
				150B8D9E1CE4C2AD00BC4DA4 /* AirAppStaff.app */,
				150B8DB71CE4C2AD00BC4DA4 /* AirAppStaffTests.xctest */,
				150B8DC21CE4C2AD00BC4DA4 /* AirAppStaffUITests.xctest */,
			);
			name = Products;
			sourceTree = "<group>";
		};
		150B8DA01CE4C2AD00BC4DA4 /* AirAppStaff */ = {
			isa = PBXGroup;
			children = (
				151BC90E1CEA4A9D00D54C02 /* Delegates */,
				151BC90D1CEA4A7B00D54C02 /* Controllers */,
				150B8DA71CE4C2AD00BC4DA4 /* ViewController.h */,
				150B8DA81CE4C2AD00BC4DA4 /* ViewController.m */,
				150B8DAA1CE4C2AD00BC4DA4 /* Main.storyboard */,
				150B8DAF1CE4C2AD00BC4DA4 /* LaunchScreen.storyboard */,
				150B8DA11CE4C2AD00BC4DA4 /* Supporting Files */,
			);
			path = AirAppStaff;
			sourceTree = "<group>";
		};
		150B8DA11CE4C2AD00BC4DA4 /* Supporting Files */ = {
			isa = PBXGroup;
			children = (
				150B8DAD1CE4C2AD00BC4DA4 /* Assets.xcassets */,
				154335D31CECFEA40002EDDA /* GoogleService-Info.plist */,
				150B8DA21CE4C2AD00BC4DA4 /* main.m */,
				150B8DB21CE4C2AD00BC4DA4 /* Info.plist */,
			);
			name = "Supporting Files";
			sourceTree = "<group>";
		};
		150B8DBA1CE4C2AD00BC4DA4 /* AirAppStaffTests */ = {
			isa = PBXGroup;
			children = (
				150B8DBB1CE4C2AD00BC4DA4 /* AirAppStaffTests.m */,
				150B8DBD1CE4C2AD00BC4DA4 /* Info.plist */,
			);
			path = AirAppStaffTests;
			sourceTree = "<group>";
		};
		150B8DC51CE4C2AD00BC4DA4 /* AirAppStaffUITests */ = {
			isa = PBXGroup;
			children = (
				150B8DC61CE4C2AD00BC4DA4 /* AirAppStaffUITests.m */,
				150B8DC81CE4C2AD00BC4DA4 /* Info.plist */,
			);
			path = AirAppStaffUITests;
			sourceTree = "<group>";
		};
		151BC90D1CEA4A7B00D54C02 /* Controllers */ = {
			isa = PBXGroup;
			children = (
				15DF7D1F1D0E227900143439 /* Models */,
				15AFB04A1CF86B350085F793 /* TableViewCells */,
				155D6D431D0622CE004408DD /* User.h */,
				155D6D441D0622CE004408DD /* User.m */,
				155D6D461D063BC7004408DD /* Post.h */,
				155D6D471D063BC7004408DD /* Post.m */,
				150B8DD41CE4C32700BC4DA4 /* HomeViewController.h */,
				150B8DD51CE4C32700BC4DA4 /* HomeViewController.m */,
				1524B6D11CE671630062485E /* DetailViewController.h */,
				1524B6D21CE671630062485E /* DetailViewController.m */,
				1543021C1CEB9F0600A1268B /* LoginAuthViewController.h */,
				1543021D1CEB9F0600A1268B /* LoginAuthViewController.m */,
				1545D1311CFC350300DB68D6 /* UsersProfileViewController.h */,
				1545D1321CFC350300DB68D6 /* UsersProfileViewController.m */,
				15A7FDB71CFC5F6D00C9AF78 /* EditUserTableViewController.h */,
				15A7FDB81CFC5F6D00C9AF78 /* EditUserTableViewController.m */,
				15A7FDB11CFC4ACF00C9AF78 /* EditUserViewController.h */,
				15A7FDB21CFC4ACF00C9AF78 /* EditUserViewController.m */,
				15DF7D231D0E235400143439 /* TimeTableViewController.h */,
				15DF7D241D0E235400143439 /* TimeTableViewController.m */,
			);
			name = Controllers;
			sourceTree = "<group>";
		};
		151BC90E1CEA4A9D00D54C02 /* Delegates */ = {
			isa = PBXGroup;
			children = (
				150B8DA41CE4C2AD00BC4DA4 /* AppDelegate.h */,
				150B8DA51CE4C2AD00BC4DA4 /* AppDelegate.m */,
			);
			name = Delegates;
			sourceTree = "<group>";
		};
		15AFB04A1CF86B350085F793 /* TableViewCells */ = {
			isa = PBXGroup;
			children = (
				1524B6D41CE672BD0062485E /* HomeTableViewCell.h */,
				1524B6D51CE672BD0062485E /* HomeTableViewCell.m */,
				15AFB04B1CF86B560085F793 /* DetailTableViewCell.h */,
				15AFB04C1CF86B560085F793 /* DetailTableViewCell.m */,
				155D6D491D063CE7004408DD /* PostTableViewCell.h */,
				155D6D4A1D063CE7004408DD /* PostTableViewCell.m */,
				15DF7D261D0E260700143439 /* TimeTableViewCell.h */,
				15DF7D271D0E260700143439 /* TimeTableViewCell.m */,
			);
			name = TableViewCells;
			sourceTree = "<group>";
		};
		15DF7D1F1D0E227900143439 /* Models */ = {
			isa = PBXGroup;
			children = (
				152F04C01CF709C50013BF74 /* AppState.h */,
				152F04C11CF709C50013BF74 /* AppState.m */,
				152F04C31CF70ADF0013BF74 /* Constants.h */,
				152F04C41CF70ADF0013BF74 /* Constants.m */,
				152F04C61CF713EA0013BF74 /* MeasurementHelper.h */,
				152F04C71CF713EA0013BF74 /* MeasurementHelper.m */,
				15AF1FCA1D0A528B001F89B6 /* FirebaseDataSource.h */,
				15AF1FCB1D0A528B001F89B6 /* FirebaseDataSource.m */,
				15DF7D201D0E22CA00143439 /* TimeTableDataSource.h */,
				15DF7D211D0E22CA00143439 /* TimeTableDataSource.m */,
			);
			name = Models;
			sourceTree = "<group>";
		};
		3C8EE9C211304522E4CB7294 /* Pods */ = {
			isa = PBXGroup;
			children = (
				5AA256DF415F5B764F076623 /* Pods.debug.xcconfig */,
				E6520AB2E28A0774D6A1871B /* Pods.release.xcconfig */,
			);
			name = Pods;
			sourceTree = "<group>";
		};
		4C6FA1469F34D8B70AF52242 /* Frameworks */ = {
			isa = PBXGroup;
			children = (
				AE483CFBE1B7551E7D3DFAAF /* libPods.a */,
			);
			name = Frameworks;
			sourceTree = "<group>";
		};
/* End PBXGroup section */

/* Begin PBXNativeTarget section */
		150B8D9D1CE4C2AD00BC4DA4 /* AirAppStaff */ = {
			isa = PBXNativeTarget;
			buildConfigurationList = 150B8DCB1CE4C2AD00BC4DA4 /* Build configuration list for PBXNativeTarget "AirAppStaff" */;
			buildPhases = (
				E09A58639DB093857D427F6B /* Check Pods Manifest.lock */,
				150B8D9A1CE4C2AD00BC4DA4 /* Sources */,
				150B8D9B1CE4C2AD00BC4DA4 /* Frameworks */,
				150B8D9C1CE4C2AD00BC4DA4 /* Resources */,
				E158B74EC5302F8EE8D80C33 /* Embed Pods Frameworks */,
				802365CAA4DB9507D9F602C5 /* Copy Pods Resources */,
			);
			buildRules = (
			);
			dependencies = (
			);
			name = AirAppStaff;
			productName = AirAppStaff;
			productReference = 150B8D9E1CE4C2AD00BC4DA4 /* AirAppStaff.app */;
			productType = "com.apple.product-type.application";
		};
		150B8DB61CE4C2AD00BC4DA4 /* AirAppStaffTests */ = {
			isa = PBXNativeTarget;
			buildConfigurationList = 150B8DCE1CE4C2AD00BC4DA4 /* Build configuration list for PBXNativeTarget "AirAppStaffTests" */;
			buildPhases = (
				150B8DB31CE4C2AD00BC4DA4 /* Sources */,
				150B8DB41CE4C2AD00BC4DA4 /* Frameworks */,
				150B8DB51CE4C2AD00BC4DA4 /* Resources */,
			);
			buildRules = (
			);
			dependencies = (
				150B8DB91CE4C2AD00BC4DA4 /* PBXTargetDependency */,
			);
			name = AirAppStaffTests;
			productName = AirAppStaffTests;
			productReference = 150B8DB71CE4C2AD00BC4DA4 /* AirAppStaffTests.xctest */;
			productType = "com.apple.product-type.bundle.unit-test";
		};
		150B8DC11CE4C2AD00BC4DA4 /* AirAppStaffUITests */ = {
			isa = PBXNativeTarget;
			buildConfigurationList = 150B8DD11CE4C2AD00BC4DA4 /* Build configuration list for PBXNativeTarget "AirAppStaffUITests" */;
			buildPhases = (
				150B8DBE1CE4C2AD00BC4DA4 /* Sources */,
				150B8DBF1CE4C2AD00BC4DA4 /* Frameworks */,
				150B8DC01CE4C2AD00BC4DA4 /* Resources */,
			);
			buildRules = (
			);
			dependencies = (
				150B8DC41CE4C2AD00BC4DA4 /* PBXTargetDependency */,
			);
			name = AirAppStaffUITests;
			productName = AirAppStaffUITests;
			productReference = 150B8DC21CE4C2AD00BC4DA4 /* AirAppStaffUITests.xctest */;
			productType = "com.apple.product-type.bundle.ui-testing";
		};
/* End PBXNativeTarget section */

/* Begin PBXProject section */
		150B8D961CE4C2AD00BC4DA4 /* Project object */ = {
			isa = PBXProject;
			attributes = {
				LastUpgradeCheck = 0730;
				ORGANIZATIONNAME = idesigndreams;
				TargetAttributes = {
					150B8D9D1CE4C2AD00BC4DA4 = {
						CreatedOnToolsVersion = 7.3;
						DevelopmentTeam = 3WN2HPYHZR;
					};
					150B8DB61CE4C2AD00BC4DA4 = {
						CreatedOnToolsVersion = 7.3;
						DevelopmentTeam = 3WN2HPYHZR;
						TestTargetID = 150B8D9D1CE4C2AD00BC4DA4;
					};
					150B8DC11CE4C2AD00BC4DA4 = {
						CreatedOnToolsVersion = 7.3;
						DevelopmentTeam = 3WN2HPYHZR;
						TestTargetID = 150B8D9D1CE4C2AD00BC4DA4;
					};
				};
			};
			buildConfigurationList = 150B8D991CE4C2AD00BC4DA4 /* Build configuration list for PBXProject "AirAppStaff" */;
			compatibilityVersion = "Xcode 3.2";
			developmentRegion = English;
			hasScannedForEncodings = 0;
			knownRegions = (
				en,
				Base,
			);
			mainGroup = 150B8D951CE4C2AD00BC4DA4;
			productRefGroup = 150B8D9F1CE4C2AD00BC4DA4 /* Products */;
			projectDirPath = "";
			projectRoot = "";
			targets = (
				150B8D9D1CE4C2AD00BC4DA4 /* AirAppStaff */,
				150B8DB61CE4C2AD00BC4DA4 /* AirAppStaffTests */,
				150B8DC11CE4C2AD00BC4DA4 /* AirAppStaffUITests */,
			);
		};
/* End PBXProject section */

/* Begin PBXResourcesBuildPhase section */
		150B8D9C1CE4C2AD00BC4DA4 /* Resources */ = {
			isa = PBXResourcesBuildPhase;
			buildActionMask = 2147483647;
			files = (
				150B8DB11CE4C2AD00BC4DA4 /* LaunchScreen.storyboard in Resources */,
				154335D41CECFEA40002EDDA /* GoogleService-Info.plist in Resources */,
				150B8DAE1CE4C2AD00BC4DA4 /* Assets.xcassets in Resources */,
				150B8DAC1CE4C2AD00BC4DA4 /* Main.storyboard in Resources */,
			);
			runOnlyForDeploymentPostprocessing = 0;
		};
		150B8DB51CE4C2AD00BC4DA4 /* Resources */ = {
			isa = PBXResourcesBuildPhase;
			buildActionMask = 2147483647;
			files = (
			);
			runOnlyForDeploymentPostprocessing = 0;
		};
		150B8DC01CE4C2AD00BC4DA4 /* Resources */ = {
			isa = PBXResourcesBuildPhase;
			buildActionMask = 2147483647;
			files = (
			);
			runOnlyForDeploymentPostprocessing = 0;
		};
/* End PBXResourcesBuildPhase section */

/* Begin PBXShellScriptBuildPhase section */
		802365CAA4DB9507D9F602C5 /* Copy Pods Resources */ = {
			isa = PBXShellScriptBuildPhase;
			buildActionMask = 2147483647;
			files = (
			);
			inputPaths = (
			);
			name = "Copy Pods Resources";
			outputPaths = (
			);
			runOnlyForDeploymentPostprocessing = 0;
			shellPath = /bin/sh;
			shellScript = "\"${SRCROOT}/Pods/Target Support Files/Pods/Pods-resources.sh\"\n";
			showEnvVarsInLog = 0;
		};
		E09A58639DB093857D427F6B /* Check Pods Manifest.lock */ = {
			isa = PBXShellScriptBuildPhase;
			buildActionMask = 2147483647;
			files = (
			);
			inputPaths = (
			);
			name = "Check Pods Manifest.lock";
			outputPaths = (
			);
			runOnlyForDeploymentPostprocessing = 0;
			shellPath = /bin/sh;
			shellScript = "diff \"${PODS_ROOT}/../Podfile.lock\" \"${PODS_ROOT}/Manifest.lock\" > /dev/null\nif [[ $? != 0 ]] ; then\n    cat << EOM\nerror: The sandbox is not in sync with the Podfile.lock. Run 'pod install' or update your CocoaPods installation.\nEOM\n    exit 1\nfi\n";
			showEnvVarsInLog = 0;
		};
		E158B74EC5302F8EE8D80C33 /* Embed Pods Frameworks */ = {
			isa = PBXShellScriptBuildPhase;
			buildActionMask = 2147483647;
			files = (
			);
			inputPaths = (
			);
			name = "Embed Pods Frameworks";
			outputPaths = (
			);
			runOnlyForDeploymentPostprocessing = 0;
			shellPath = /bin/sh;
			shellScript = "\"${SRCROOT}/Pods/Target Support Files/Pods/Pods-frameworks.sh\"\n";
			showEnvVarsInLog = 0;
		};
/* End PBXShellScriptBuildPhase section */

/* Begin PBXSourcesBuildPhase section */
		150B8D9A1CE4C2AD00BC4DA4 /* Sources */ = {
			isa = PBXSourcesBuildPhase;
			buildActionMask = 2147483647;
			files = (
				152F04C81CF713EA0013BF74 /* MeasurementHelper.m in Sources */,
				1524B6D31CE671630062485E /* DetailViewController.m in Sources */,
				1543021E1CEB9F0600A1268B /* LoginAuthViewController.m in Sources */,
				15AFB04D1CF86B560085F793 /* DetailTableViewCell.m in Sources */,
				150B8DA91CE4C2AD00BC4DA4 /* ViewController.m in Sources */,
				15DF7D281D0E260700143439 /* TimeTableViewCell.m in Sources */,
				155D6D451D0622CE004408DD /* User.m in Sources */,
				1545D1331CFC350300DB68D6 /* UsersProfileViewController.m in Sources */,
				155D6D481D063BC7004408DD /* Post.m in Sources */,
				155D6D4B1D063CE7004408DD /* PostTableViewCell.m in Sources */,
				1524B6D61CE672BD0062485E /* HomeTableViewCell.m in Sources */,
				150B8DA61CE4C2AD00BC4DA4 /* AppDelegate.m in Sources */,
				15AF1FCC1D0A528B001F89B6 /* FirebaseDataSource.m in Sources */,
				150B8DA31CE4C2AD00BC4DA4 /* main.m in Sources */,
				150B8DD61CE4C32700BC4DA4 /* HomeViewController.m in Sources */,
				152F04C21CF709C50013BF74 /* AppState.m in Sources */,
				152F04C51CF70ADF0013BF74 /* Constants.m in Sources */,
				15A7FDB91CFC5F6D00C9AF78 /* EditUserTableViewController.m in Sources */,
				15DF7D221D0E22CA00143439 /* TimeTableDataSource.m in Sources */,
				15DF7D251D0E235400143439 /* TimeTableViewController.m in Sources */,
				15A7FDB31CFC4ACF00C9AF78 /* EditUserViewController.m in Sources */,
			);
			runOnlyForDeploymentPostprocessing = 0;
		};
		150B8DB31CE4C2AD00BC4DA4 /* Sources */ = {
			isa = PBXSourcesBuildPhase;
			buildActionMask = 2147483647;
			files = (
				150B8DBC1CE4C2AD00BC4DA4 /* AirAppStaffTests.m in Sources */,
			);
			runOnlyForDeploymentPostprocessing = 0;
		};
		150B8DBE1CE4C2AD00BC4DA4 /* Sources */ = {
			isa = PBXSourcesBuildPhase;
			buildActionMask = 2147483647;
			files = (
				150B8DC71CE4C2AD00BC4DA4 /* AirAppStaffUITests.m in Sources */,
			);
			runOnlyForDeploymentPostprocessing = 0;
		};
/* End PBXSourcesBuildPhase section */

/* Begin PBXTargetDependency section */
		150B8DB91CE4C2AD00BC4DA4 /* PBXTargetDependency */ = {
			isa = PBXTargetDependency;
			target = 150B8D9D1CE4C2AD00BC4DA4 /* AirAppStaff */;
			targetProxy = 150B8DB81CE4C2AD00BC4DA4 /* PBXContainerItemProxy */;
		};
		150B8DC41CE4C2AD00BC4DA4 /* PBXTargetDependency */ = {
			isa = PBXTargetDependency;
			target = 150B8D9D1CE4C2AD00BC4DA4 /* AirAppStaff */;
			targetProxy = 150B8DC31CE4C2AD00BC4DA4 /* PBXContainerItemProxy */;
		};
/* End PBXTargetDependency section */

/* Begin PBXVariantGroup section */
		150B8DAA1CE4C2AD00BC4DA4 /* Main.storyboard */ = {
			isa = PBXVariantGroup;
			children = (
				150B8DAB1CE4C2AD00BC4DA4 /* Base */,
			);
			name = Main.storyboard;
			sourceTree = "<group>";
		};
		150B8DAF1CE4C2AD00BC4DA4 /* LaunchScreen.storyboard */ = {
			isa = PBXVariantGroup;
			children = (
				150B8DB01CE4C2AD00BC4DA4 /* Base */,
			);
			name = LaunchScreen.storyboard;
			sourceTree = "<group>";
		};
/* End PBXVariantGroup section */

/* Begin XCBuildConfiguration section */
		150B8DC91CE4C2AD00BC4DA4 /* Debug */ = {
			isa = XCBuildConfiguration;
			buildSettings = {
				ALWAYS_SEARCH_USER_PATHS = NO;
				CLANG_ANALYZER_NONNULL = YES;
				CLANG_CXX_LANGUAGE_STANDARD = "gnu++0x";
				CLANG_CXX_LIBRARY = "libc++";
				CLANG_ENABLE_MODULES = YES;
				CLANG_ENABLE_OBJC_ARC = YES;
				CLANG_WARN_BOOL_CONVERSION = YES;
				CLANG_WARN_CONSTANT_CONVERSION = YES;
				CLANG_WARN_DIRECT_OBJC_ISA_USAGE = YES_ERROR;
				CLANG_WARN_EMPTY_BODY = YES;
				CLANG_WARN_ENUM_CONVERSION = YES;
				CLANG_WARN_INT_CONVERSION = YES;
				CLANG_WARN_OBJC_ROOT_CLASS = YES_ERROR;
				CLANG_WARN_UNREACHABLE_CODE = YES;
				CLANG_WARN__DUPLICATE_METHOD_MATCH = YES;
				CODE_SIGN_IDENTITY = "iPhone Developer: sediayala@hotmail.com (BPXG9RQAZA)";
				"CODE_SIGN_IDENTITY[sdk=iphoneos*]" = "iPhone Developer: sediayala@hotmail.com (BPXG9RQAZA)";
				COPY_PHASE_STRIP = NO;
				DEBUG_INFORMATION_FORMAT = dwarf;
				ENABLE_STRICT_OBJC_MSGSEND = YES;
				ENABLE_TESTABILITY = YES;
				GCC_C_LANGUAGE_STANDARD = gnu99;
				GCC_DYNAMIC_NO_PIC = NO;
				GCC_NO_COMMON_BLOCKS = YES;
				GCC_OPTIMIZATION_LEVEL = 0;
				GCC_PREPROCESSOR_DEFINITIONS = (
					"DEBUG=1",
					"$(inherited)",
				);
				GCC_WARN_64_TO_32_BIT_CONVERSION = YES;
				GCC_WARN_ABOUT_RETURN_TYPE = YES_ERROR;
				GCC_WARN_UNDECLARED_SELECTOR = YES;
				GCC_WARN_UNINITIALIZED_AUTOS = YES_AGGRESSIVE;
				GCC_WARN_UNUSED_FUNCTION = YES;
				GCC_WARN_UNUSED_VARIABLE = YES;
				IPHONEOS_DEPLOYMENT_TARGET = 9.3;
				MTL_ENABLE_DEBUG_INFO = YES;
				ONLY_ACTIVE_ARCH = YES;
				PROVISIONING_PROFILE = "";
				SDKROOT = iphoneos;
			};
			name = Debug;
		};
		150B8DCA1CE4C2AD00BC4DA4 /* Release */ = {
			isa = XCBuildConfiguration;
			buildSettings = {
				ALWAYS_SEARCH_USER_PATHS = NO;
				CLANG_ANALYZER_NONNULL = YES;
				CLANG_CXX_LANGUAGE_STANDARD = "gnu++0x";
				CLANG_CXX_LIBRARY = "libc++";
				CLANG_ENABLE_MODULES = YES;
				CLANG_ENABLE_OBJC_ARC = YES;
				CLANG_WARN_BOOL_CONVERSION = YES;
				CLANG_WARN_CONSTANT_CONVERSION = YES;
				CLANG_WARN_DIRECT_OBJC_ISA_USAGE = YES_ERROR;
				CLANG_WARN_EMPTY_BODY = YES;
				CLANG_WARN_ENUM_CONVERSION = YES;
				CLANG_WARN_INT_CONVERSION = YES;
				CLANG_WARN_OBJC_ROOT_CLASS = YES_ERROR;
				CLANG_WARN_UNREACHABLE_CODE = YES;
				CLANG_WARN__DUPLICATE_METHOD_MATCH = YES;
				CODE_SIGN_IDENTITY = "iPhone Developer: sediayala@hotmail.com (BPXG9RQAZA)";
				"CODE_SIGN_IDENTITY[sdk=iphoneos*]" = "iPhone Developer: sediayala@hotmail.com (BPXG9RQAZA)";
				COPY_PHASE_STRIP = NO;
				DEBUG_INFORMATION_FORMAT = "dwarf-with-dsym";
				ENABLE_NS_ASSERTIONS = NO;
				ENABLE_STRICT_OBJC_MSGSEND = YES;
				GCC_C_LANGUAGE_STANDARD = gnu99;
				GCC_NO_COMMON_BLOCKS = YES;
				GCC_WARN_64_TO_32_BIT_CONVERSION = YES;
				GCC_WARN_ABOUT_RETURN_TYPE = YES_ERROR;
				GCC_WARN_UNDECLARED_SELECTOR = YES;
				GCC_WARN_UNINITIALIZED_AUTOS = YES_AGGRESSIVE;
				GCC_WARN_UNUSED_FUNCTION = YES;
				GCC_WARN_UNUSED_VARIABLE = YES;
				IPHONEOS_DEPLOYMENT_TARGET = 9.3;
				MTL_ENABLE_DEBUG_INFO = NO;
				PROVISIONING_PROFILE = "";
				SDKROOT = iphoneos;
				VALIDATE_PRODUCT = YES;
			};
			name = Release;
		};
		150B8DCC1CE4C2AD00BC4DA4 /* Debug */ = {
			isa = XCBuildConfiguration;
			baseConfigurationReference = 5AA256DF415F5B764F076623 /* Pods.debug.xcconfig */;
			buildSettings = {
				ASSETCATALOG_COMPILER_APPICON_NAME = AppIcon;
				CODE_SIGN_IDENTITY = "iPhone Developer";
				"CODE_SIGN_IDENTITY[sdk=iphoneos*]" = "iPhone Developer";
				INFOPLIST_FILE = AirAppStaff/Info.plist;
				IPHONEOS_DEPLOYMENT_TARGET = 9.2;
				LD_RUNPATH_SEARCH_PATHS = "$(inherited) @executable_path/Frameworks";
				PRODUCT_BUNDLE_IDENTIFIER = com.idesigndreams.AirAppStaff;
				PRODUCT_NAME = "$(TARGET_NAME)";
				PROVISIONING_PROFILE = "";
			};
			name = Debug;
		};
		150B8DCD1CE4C2AD00BC4DA4 /* Release */ = {
			isa = XCBuildConfiguration;
			baseConfigurationReference = E6520AB2E28A0774D6A1871B /* Pods.release.xcconfig */;
			buildSettings = {
				ASSETCATALOG_COMPILER_APPICON_NAME = AppIcon;
				CODE_SIGN_IDENTITY = "iPhone Developer";
				"CODE_SIGN_IDENTITY[sdk=iphoneos*]" = "iPhone Developer";
				INFOPLIST_FILE = AirAppStaff/Info.plist;
				IPHONEOS_DEPLOYMENT_TARGET = 9.2;
				LD_RUNPATH_SEARCH_PATHS = "$(inherited) @executable_path/Frameworks";
				PRODUCT_BUNDLE_IDENTIFIER = com.idesigndreams.AirAppStaff;
				PRODUCT_NAME = "$(TARGET_NAME)";
				PROVISIONING_PROFILE = "";
			};
			name = Release;
		};
		150B8DCF1CE4C2AD00BC4DA4 /* Debug */ = {
			isa = XCBuildConfiguration;
			buildSettings = {
				BUNDLE_LOADER = "$(TEST_HOST)";
				INFOPLIST_FILE = AirAppStaffTests/Info.plist;
				LD_RUNPATH_SEARCH_PATHS = "$(inherited) @executable_path/Frameworks @loader_path/Frameworks";
				PRODUCT_BUNDLE_IDENTIFIER = com.idesigndreams.AirAppStaffTests;
				PRODUCT_NAME = "$(TARGET_NAME)";
				PROVISIONING_PROFILE = "";
				TEST_HOST = "$(BUILT_PRODUCTS_DIR)/AirAppStaff.app/AirAppStaff";
			};
			name = Debug;
		};
		150B8DD01CE4C2AD00BC4DA4 /* Release */ = {
			isa = XCBuildConfiguration;
			buildSettings = {
				BUNDLE_LOADER = "$(TEST_HOST)";
				INFOPLIST_FILE = AirAppStaffTests/Info.plist;
				LD_RUNPATH_SEARCH_PATHS = "$(inherited) @executable_path/Frameworks @loader_path/Frameworks";
				PRODUCT_BUNDLE_IDENTIFIER = com.idesigndreams.AirAppStaffTests;
				PRODUCT_NAME = "$(TARGET_NAME)";
				PROVISIONING_PROFILE = "";
				TEST_HOST = "$(BUILT_PRODUCTS_DIR)/AirAppStaff.app/AirAppStaff";
			};
			name = Release;
		};
		150B8DD21CE4C2AD00BC4DA4 /* Debug */ = {
			isa = XCBuildConfiguration;
			buildSettings = {
				INFOPLIST_FILE = AirAppStaffUITests/Info.plist;
				LD_RUNPATH_SEARCH_PATHS = "$(inherited) @executable_path/Frameworks @loader_path/Frameworks";
				PRODUCT_BUNDLE_IDENTIFIER = com.idesigndreams.AirAppStaffUITests;
				PRODUCT_NAME = "$(TARGET_NAME)";
				PROVISIONING_PROFILE = "6460bda5-a5c2-4d1b-ac19-6e4ec83f0ccd";
				TEST_TARGET_NAME = AirAppStaff;
			};
			name = Debug;
		};
		150B8DD31CE4C2AD00BC4DA4 /* Release */ = {
			isa = XCBuildConfiguration;
			buildSettings = {
				INFOPLIST_FILE = AirAppStaffUITests/Info.plist;
				LD_RUNPATH_SEARCH_PATHS = "$(inherited) @executable_path/Frameworks @loader_path/Frameworks";
				PRODUCT_BUNDLE_IDENTIFIER = com.idesigndreams.AirAppStaffUITests;
				PRODUCT_NAME = "$(TARGET_NAME)";
				PROVISIONING_PROFILE = "6460bda5-a5c2-4d1b-ac19-6e4ec83f0ccd";
				TEST_TARGET_NAME = AirAppStaff;
			};
			name = Release;
		};
/* End XCBuildConfiguration section */

/* Begin XCConfigurationList section */
		150B8D991CE4C2AD00BC4DA4 /* Build configuration list for PBXProject "AirAppStaff" */ = {
			isa = XCConfigurationList;
			buildConfigurations = (
				150B8DC91CE4C2AD00BC4DA4 /* Debug */,
				150B8DCA1CE4C2AD00BC4DA4 /* Release */,
			);
			defaultConfigurationIsVisible = 0;
			defaultConfigurationName = Release;
		};
		150B8DCB1CE4C2AD00BC4DA4 /* Build configuration list for PBXNativeTarget "AirAppStaff" */ = {
			isa = XCConfigurationList;
			buildConfigurations = (
				150B8DCC1CE4C2AD00BC4DA4 /* Debug */,
				150B8DCD1CE4C2AD00BC4DA4 /* Release */,
			);
			defaultConfigurationIsVisible = 0;
			defaultConfigurationName = Release;
		};
		150B8DCE1CE4C2AD00BC4DA4 /* Build configuration list for PBXNativeTarget "AirAppStaffTests" */ = {
			isa = XCConfigurationList;
			buildConfigurations = (
				150B8DCF1CE4C2AD00BC4DA4 /* Debug */,
				150B8DD01CE4C2AD00BC4DA4 /* Release */,
			);
			defaultConfigurationIsVisible = 0;
			defaultConfigurationName = Release;
		};
		150B8DD11CE4C2AD00BC4DA4 /* Build configuration list for PBXNativeTarget "AirAppStaffUITests" */ = {
			isa = XCConfigurationList;
			buildConfigurations = (
				150B8DD21CE4C2AD00BC4DA4 /* Debug */,
				150B8DD31CE4C2AD00BC4DA4 /* Release */,
			);
			defaultConfigurationIsVisible = 0;
			defaultConfigurationName = Release;
		};
/* End XCConfigurationList section */
	};
	rootObject = 150B8D961CE4C2AD00BC4DA4 /* Project object */;
}
